// !$*UTF8*$!
{
	archiveVersion = 1;
	classes = {
	};
	objectVersion = 48;
	objects = {

/* Begin PBXBuildFile section */
		EC05B2C31FEA3DE000B074AB /* AppDelegate.swift in Sources */ = {isa = PBXBuildFile; fileRef = EC05B2C21FEA3DE000B074AB /* AppDelegate.swift */; };
		EC05B2CA1FEA3DE000B074AB /* Assets.xcassets in Resources */ = {isa = PBXBuildFile; fileRef = EC05B2C91FEA3DE000B074AB /* Assets.xcassets */; };
		EC05B2CD1FEA3DE100B074AB /* LaunchScreen.storyboard in Resources */ = {isa = PBXBuildFile; fileRef = EC05B2CB1FEA3DE000B074AB /* LaunchScreen.storyboard */; };
		EC05B2D81FEA3DE100B074AB /* SwiftCameraAppTests.swift in Sources */ = {isa = PBXBuildFile; fileRef = EC05B2D71FEA3DE100B074AB /* SwiftCameraAppTests.swift */; };
		EC05B2E31FEA3DE100B074AB /* SwiftCameraAppUITests.swift in Sources */ = {isa = PBXBuildFile; fileRef = EC05B2E21FEA3DE100B074AB /* SwiftCameraAppUITests.swift */; };
		ECA952082010C2110031CAB3 /* SCMainViewController.swift in Sources */ = {isa = PBXBuildFile; fileRef = ECA952072010C2110031CAB3 /* SCMainViewController.swift */; };
		ECA9520A2010C3EF0031CAB3 /* SCPhotoViewController.swift in Sources */ = {isa = PBXBuildFile; fileRef = ECA952092010C3EF0031CAB3 /* SCPhotoViewController.swift */; };
		ECADB39F2004B3F30097E437 /* SCCameraButton.swift in Sources */ = {isa = PBXBuildFile; fileRef = ECADB39E2004B3F30097E437 /* SCCameraButton.swift */; };
		ECBB8EFC1FFE170D00DC8E32 /* SCCameraViewController.swift in Sources */ = {isa = PBXBuildFile; fileRef = ECBB8EFB1FFE170D00DC8E32 /* SCCameraViewController.swift */; };
		ECBB8F011FFE1D6200DC8E32 /* SCCameraViewControllerDelegate.swift in Sources */ = {isa = PBXBuildFile; fileRef = ECBB8F001FFE1D6200DC8E32 /* SCCameraViewControllerDelegate.swift */; };
		ECBB8F041FFE1E2C00DC8E32 /* SCCameraPreviewView.swift in Sources */ = {isa = PBXBuildFile; fileRef = ECBB8F031FFE1E2C00DC8E32 /* SCCameraPreviewView.swift */; };
		ECD2E41220175E8C00BCC185 /* SCVideoViewController.swift in Sources */ = {isa = PBXBuildFile; fileRef = ECD2E41120175E8C00BCC185 /* SCVideoViewController.swift */; };
/* End PBXBuildFile section */

/* Begin PBXContainerItemProxy section */
		EC05B2D41FEA3DE100B074AB /* PBXContainerItemProxy */ = {
			isa = PBXContainerItemProxy;
			containerPortal = EC05B2B71FEA3DE000B074AB /* Project object */;
			proxyType = 1;
			remoteGlobalIDString = EC05B2BE1FEA3DE000B074AB;
			remoteInfo = SwiftCameraApp;
		};
		EC05B2DF1FEA3DE100B074AB /* PBXContainerItemProxy */ = {
			isa = PBXContainerItemProxy;
			containerPortal = EC05B2B71FEA3DE000B074AB /* Project object */;
			proxyType = 1;
			remoteGlobalIDString = EC05B2BE1FEA3DE000B074AB;
			remoteInfo = SwiftCameraApp;
		};
/* End PBXContainerItemProxy section */

/* Begin PBXFileReference section */
		EC05B2BF1FEA3DE000B074AB /* SwiftCameraApp.app */ = {isa = PBXFileReference; explicitFileType = wrapper.application; includeInIndex = 0; path = SwiftCameraApp.app; sourceTree = BUILT_PRODUCTS_DIR; };
		EC05B2C21FEA3DE000B074AB /* AppDelegate.swift */ = {isa = PBXFileReference; lastKnownFileType = sourcecode.swift; path = AppDelegate.swift; sourceTree = "<group>"; };
		EC05B2C91FEA3DE000B074AB /* Assets.xcassets */ = {isa = PBXFileReference; lastKnownFileType = folder.assetcatalog; path = Assets.xcassets; sourceTree = "<group>"; };
		EC05B2CC1FEA3DE000B074AB /* Base */ = {isa = PBXFileReference; lastKnownFileType = file.storyboard; name = Base; path = Base.lproj/LaunchScreen.storyboard; sourceTree = "<group>"; };
		EC05B2CE1FEA3DE100B074AB /* Info.plist */ = {isa = PBXFileReference; lastKnownFileType = text.plist.xml; path = Info.plist; sourceTree = "<group>"; };
		EC05B2D31FEA3DE100B074AB /* SwiftCameraAppTests.xctest */ = {isa = PBXFileReference; explicitFileType = wrapper.cfbundle; includeInIndex = 0; path = SwiftCameraAppTests.xctest; sourceTree = BUILT_PRODUCTS_DIR; };
		EC05B2D71FEA3DE100B074AB /* SwiftCameraAppTests.swift */ = {isa = PBXFileReference; lastKnownFileType = sourcecode.swift; path = SwiftCameraAppTests.swift; sourceTree = "<group>"; };
		EC05B2D91FEA3DE100B074AB /* Info.plist */ = {isa = PBXFileReference; lastKnownFileType = text.plist.xml; path = Info.plist; sourceTree = "<group>"; };
		EC05B2DE1FEA3DE100B074AB /* SwiftCameraAppUITests.xctest */ = {isa = PBXFileReference; explicitFileType = wrapper.cfbundle; includeInIndex = 0; path = SwiftCameraAppUITests.xctest; sourceTree = BUILT_PRODUCTS_DIR; };
		EC05B2E21FEA3DE100B074AB /* SwiftCameraAppUITests.swift */ = {isa = PBXFileReference; lastKnownFileType = sourcecode.swift; path = SwiftCameraAppUITests.swift; sourceTree = "<group>"; };
		EC05B2E41FEA3DE100B074AB /* Info.plist */ = {isa = PBXFileReference; lastKnownFileType = text.plist.xml; path = Info.plist; sourceTree = "<group>"; };
		ECA952072010C2110031CAB3 /* SCMainViewController.swift */ = {isa = PBXFileReference; lastKnownFileType = sourcecode.swift; path = SCMainViewController.swift; sourceTree = "<group>"; };
		ECA952092010C3EF0031CAB3 /* SCPhotoViewController.swift */ = {isa = PBXFileReference; lastKnownFileType = sourcecode.swift; path = SCPhotoViewController.swift; sourceTree = "<group>"; };
		ECADB39E2004B3F30097E437 /* SCCameraButton.swift */ = {isa = PBXFileReference; lastKnownFileType = sourcecode.swift; path = SCCameraButton.swift; sourceTree = "<group>"; };
		ECBB8EFB1FFE170D00DC8E32 /* SCCameraViewController.swift */ = {isa = PBXFileReference; lastKnownFileType = sourcecode.swift; path = SCCameraViewController.swift; sourceTree = "<group>"; };
		ECBB8F001FFE1D6200DC8E32 /* SCCameraViewControllerDelegate.swift */ = {isa = PBXFileReference; lastKnownFileType = sourcecode.swift; path = SCCameraViewControllerDelegate.swift; sourceTree = "<group>"; };
		ECBB8F031FFE1E2C00DC8E32 /* SCCameraPreviewView.swift */ = {isa = PBXFileReference; lastKnownFileType = sourcecode.swift; path = SCCameraPreviewView.swift; sourceTree = "<group>"; };
		ECD2E41120175E8C00BCC185 /* SCVideoViewController.swift */ = {isa = PBXFileReference; lastKnownFileType = sourcecode.swift; path = SCVideoViewController.swift; sourceTree = "<group>"; };
/* End PBXFileReference section */

/* Begin PBXFrameworksBuildPhase section */
		EC05B2BC1FEA3DE000B074AB /* Frameworks */ = {
			isa = PBXFrameworksBuildPhase;
			buildActionMask = 2147483647;
			files = (
			);
			runOnlyForDeploymentPostprocessing = 0;
		};
		EC05B2D01FEA3DE100B074AB /* Frameworks */ = {
			isa = PBXFrameworksBuildPhase;
			buildActionMask = 2147483647;
			files = (
			);
			runOnlyForDeploymentPostprocessing = 0;
		};
		EC05B2DB1FEA3DE100B074AB /* Frameworks */ = {
			isa = PBXFrameworksBuildPhase;
			buildActionMask = 2147483647;
			files = (
			);
			runOnlyForDeploymentPostprocessing = 0;
		};
/* End PBXFrameworksBuildPhase section */

/* Begin PBXGroup section */
		EC05B2B61FEA3DE000B074AB = {
			isa = PBXGroup;
			children = (
				EC05B2C11FEA3DE000B074AB /* SwiftCameraApp */,
				EC05B2D61FEA3DE100B074AB /* SwiftCameraAppTests */,
				EC05B2E11FEA3DE100B074AB /* SwiftCameraAppUITests */,
				EC05B2C01FEA3DE000B074AB /* Products */,
			);
			sourceTree = "<group>";
		};
		EC05B2C01FEA3DE000B074AB /* Products */ = {
			isa = PBXGroup;
			children = (
				EC05B2BF1FEA3DE000B074AB /* SwiftCameraApp.app */,
				EC05B2D31FEA3DE100B074AB /* SwiftCameraAppTests.xctest */,
				EC05B2DE1FEA3DE100B074AB /* SwiftCameraAppUITests.xctest */,
			);
			name = Products;
			sourceTree = "<group>";
		};
		EC05B2C11FEA3DE000B074AB /* SwiftCameraApp */ = {
			isa = PBXGroup;
			children = (
				ECBB8F021FFE1E0E00DC8E32 /* Views */,
				ECBB8EFF1FFE188B00DC8E32 /* Delegates */,
				ECBB8EF81FFE15E800DC8E32 /* ViewControllers */,
				EC05B2C21FEA3DE000B074AB /* AppDelegate.swift */,
				EC05B2C91FEA3DE000B074AB /* Assets.xcassets */,
				EC05B2CB1FEA3DE000B074AB /* LaunchScreen.storyboard */,
				EC05B2CE1FEA3DE100B074AB /* Info.plist */,
			);
			path = SwiftCameraApp;
			sourceTree = "<group>";
		};
		EC05B2D61FEA3DE100B074AB /* SwiftCameraAppTests */ = {
			isa = PBXGroup;
			children = (
				EC05B2D71FEA3DE100B074AB /* SwiftCameraAppTests.swift */,
				EC05B2D91FEA3DE100B074AB /* Info.plist */,
			);
			path = SwiftCameraAppTests;
			sourceTree = "<group>";
		};
		EC05B2E11FEA3DE100B074AB /* SwiftCameraAppUITests */ = {
			isa = PBXGroup;
			children = (
				EC05B2E21FEA3DE100B074AB /* SwiftCameraAppUITests.swift */,
				EC05B2E41FEA3DE100B074AB /* Info.plist */,
			);
			path = SwiftCameraAppUITests;
			sourceTree = "<group>";
		};
		ECBB8EF81FFE15E800DC8E32 /* ViewControllers */ = {
			isa = PBXGroup;
			children = (
				ECBB8EFB1FFE170D00DC8E32 /* SCCameraViewController.swift */,
				ECA952072010C2110031CAB3 /* SCMainViewController.swift */,
				ECA952092010C3EF0031CAB3 /* SCPhotoViewController.swift */,
				ECD2E41120175E8C00BCC185 /* SCVideoViewController.swift */,
			);
			path = ViewControllers;
			sourceTree = "<group>";
		};
		ECBB8EFF1FFE188B00DC8E32 /* Delegates */ = {
			isa = PBXGroup;
			children = (
				ECBB8F001FFE1D6200DC8E32 /* SCCameraViewControllerDelegate.swift */,
			);
			path = Delegates;
			sourceTree = "<group>";
		};
		ECBB8F021FFE1E0E00DC8E32 /* Views */ = {
			isa = PBXGroup;
			children = (
				ECBB8F031FFE1E2C00DC8E32 /* SCCameraPreviewView.swift */,
				ECADB39E2004B3F30097E437 /* SCCameraButton.swift */,
			);
			path = Views;
			sourceTree = "<group>";
		};
/* End PBXGroup section */

/* Begin PBXNativeTarget section */
		EC05B2BE1FEA3DE000B074AB /* SwiftCameraApp */ = {
			isa = PBXNativeTarget;
			buildConfigurationList = EC05B2E71FEA3DE100B074AB /* Build configuration list for PBXNativeTarget "SwiftCameraApp" */;
			buildPhases = (
				EC05B2BB1FEA3DE000B074AB /* Sources */,
				EC05B2BC1FEA3DE000B074AB /* Frameworks */,
				EC05B2BD1FEA3DE000B074AB /* Resources */,
			);
			buildRules = (
			);
			dependencies = (
			);
			name = SwiftCameraApp;
			productName = SwiftCameraApp;
			productReference = EC05B2BF1FEA3DE000B074AB /* SwiftCameraApp.app */;
			productType = "com.apple.product-type.application";
		};
		EC05B2D21FEA3DE100B074AB /* SwiftCameraAppTests */ = {
			isa = PBXNativeTarget;
			buildConfigurationList = EC05B2EA1FEA3DE100B074AB /* Build configuration list for PBXNativeTarget "SwiftCameraAppTests" */;
			buildPhases = (
				EC05B2CF1FEA3DE100B074AB /* Sources */,
				EC05B2D01FEA3DE100B074AB /* Frameworks */,
				EC05B2D11FEA3DE100B074AB /* Resources */,
			);
			buildRules = (
			);
			dependencies = (
				EC05B2D51FEA3DE100B074AB /* PBXTargetDependency */,
			);
			name = SwiftCameraAppTests;
			productName = SwiftCameraAppTests;
			productReference = EC05B2D31FEA3DE100B074AB /* SwiftCameraAppTests.xctest */;
			productType = "com.apple.product-type.bundle.unit-test";
		};
		EC05B2DD1FEA3DE100B074AB /* SwiftCameraAppUITests */ = {
			isa = PBXNativeTarget;
			buildConfigurationList = EC05B2ED1FEA3DE100B074AB /* Build configuration list for PBXNativeTarget "SwiftCameraAppUITests" */;
			buildPhases = (
				EC05B2DA1FEA3DE100B074AB /* Sources */,
				EC05B2DB1FEA3DE100B074AB /* Frameworks */,
				EC05B2DC1FEA3DE100B074AB /* Resources */,
			);
			buildRules = (
			);
			dependencies = (
				EC05B2E01FEA3DE100B074AB /* PBXTargetDependency */,
			);
			name = SwiftCameraAppUITests;
			productName = SwiftCameraAppUITests;
			productReference = EC05B2DE1FEA3DE100B074AB /* SwiftCameraAppUITests.xctest */;
			productType = "com.apple.product-type.bundle.ui-testing";
		};
/* End PBXNativeTarget section */

/* Begin PBXProject section */
		EC05B2B71FEA3DE000B074AB /* Project object */ = {
			isa = PBXProject;
			attributes = {
				LastSwiftUpdateCheck = 0910;
				LastUpgradeCheck = 0910;
				ORGANIZATIONNAME = "Jingtian Yang";
				TargetAttributes = {
					EC05B2BE1FEA3DE000B074AB = {
						CreatedOnToolsVersion = 9.1;
						ProvisioningStyle = Automatic;
					};
					EC05B2D21FEA3DE100B074AB = {
						CreatedOnToolsVersion = 9.1;
						ProvisioningStyle = Automatic;
						TestTargetID = EC05B2BE1FEA3DE000B074AB;
					};
					EC05B2DD1FEA3DE100B074AB = {
						CreatedOnToolsVersion = 9.1;
						ProvisioningStyle = Automatic;
						TestTargetID = EC05B2BE1FEA3DE000B074AB;
					};
				};
			};
			buildConfigurationList = EC05B2BA1FEA3DE000B074AB /* Build configuration list for PBXProject "SwiftCameraApp" */;
			compatibilityVersion = "Xcode 8.0";
			developmentRegion = en;
			hasScannedForEncodings = 0;
			knownRegions = (
				en,
				Base,
			);
			mainGroup = EC05B2B61FEA3DE000B074AB;
			productRefGroup = EC05B2C01FEA3DE000B074AB /* Products */;
			projectDirPath = "";
			projectRoot = "";
			targets = (
				EC05B2BE1FEA3DE000B074AB /* SwiftCameraApp */,
				EC05B2D21FEA3DE100B074AB /* SwiftCameraAppTests */,
				EC05B2DD1FEA3DE100B074AB /* SwiftCameraAppUITests */,
			);
		};
/* End PBXProject section */

/* Begin PBXResourcesBuildPhase section */
		EC05B2BD1FEA3DE000B074AB /* Resources */ = {
			isa = PBXResourcesBuildPhase;
			buildActionMask = 2147483647;
			files = (
				EC05B2CD1FEA3DE100B074AB /* LaunchScreen.storyboard in Resources */,
				EC05B2CA1FEA3DE000B074AB /* Assets.xcassets in Resources */,
			);
			runOnlyForDeploymentPostprocessing = 0;
		};
		EC05B2D11FEA3DE100B074AB /* Resources */ = {
			isa = PBXResourcesBuildPhase;
			buildActionMask = 2147483647;
			files = (
			);
			runOnlyForDeploymentPostprocessing = 0;
		};
		EC05B2DC1FEA3DE100B074AB /* Resources */ = {
			isa = PBXResourcesBuildPhase;
			buildActionMask = 2147483647;
			files = (
			);
			runOnlyForDeploymentPostprocessing = 0;
		};
/* End PBXResourcesBuildPhase section */

/* Begin PBXSourcesBuildPhase section */
		EC05B2BB1FEA3DE000B074AB /* Sources */ = {
			isa = PBXSourcesBuildPhase;
			buildActionMask = 2147483647;
			files = (
				ECBB8F041FFE1E2C00DC8E32 /* SCCameraPreviewView.swift in Sources */,
				ECADB39F2004B3F30097E437 /* SCCameraButton.swift in Sources */,
				ECD2E41220175E8C00BCC185 /* SCVideoViewController.swift in Sources */,
				ECBB8EFC1FFE170D00DC8E32 /* SCCameraViewController.swift in Sources */,
				ECA952082010C2110031CAB3 /* SCMainViewController.swift in Sources */,
				ECA9520A2010C3EF0031CAB3 /* SCPhotoViewController.swift in Sources */,
				ECBB8F011FFE1D6200DC8E32 /* SCCameraViewControllerDelegate.swift in Sources */,
				EC05B2C31FEA3DE000B074AB /* AppDelegate.swift in Sources */,
			);
			runOnlyForDeploymentPostprocessing = 0;
		};
		EC05B2CF1FEA3DE100B074AB /* Sources */ = {
			isa = PBXSourcesBuildPhase;
			buildActionMask = 2147483647;
			files = (
				EC05B2D81FEA3DE100B074AB /* SwiftCameraAppTests.swift in Sources */,
			);
			runOnlyForDeploymentPostprocessing = 0;
		};
		EC05B2DA1FEA3DE100B074AB /* Sources */ = {
			isa = PBXSourcesBuildPhase;
			buildActionMask = 2147483647;
			files = (
				EC05B2E31FEA3DE100B074AB /* SwiftCameraAppUITests.swift in Sources */,
			);
			runOnlyForDeploymentPostprocessing = 0;
		};
/* End PBXSourcesBuildPhase section */

/* Begin PBXTargetDependency section */
		EC05B2D51FEA3DE100B074AB /* PBXTargetDependency */ = {
			isa = PBXTargetDependency;
			target = EC05B2BE1FEA3DE000B074AB /* SwiftCameraApp */;
			targetProxy = EC05B2D41FEA3DE100B074AB /* PBXContainerItemProxy */;
		};
		EC05B2E01FEA3DE100B074AB /* PBXTargetDependency */ = {
			isa = PBXTargetDependency;
			target = EC05B2BE1FEA3DE000B074AB /* SwiftCameraApp */;
			targetProxy = EC05B2DF1FEA3DE100B074AB /* PBXContainerItemProxy */;
		};
/* End PBXTargetDependency section */

/* Begin PBXVariantGroup section */
		EC05B2CB1FEA3DE000B074AB /* LaunchScreen.storyboard */ = {
			isa = PBXVariantGroup;
			children = (
				EC05B2CC1FEA3DE000B074AB /* Base */,
			);
			name = LaunchScreen.storyboard;
			sourceTree = "<group>";
		};
/* End PBXVariantGroup section */

/* Begin XCBuildConfiguration section */
		EC05B2E51FEA3DE100B074AB /* Debug */ = {
			isa = XCBuildConfiguration;
			buildSettings = {
				ALWAYS_SEARCH_USER_PATHS = NO;
				CLANG_ANALYZER_NONNULL = YES;
				CLANG_ANALYZER_NUMBER_OBJECT_CONVERSION = YES_AGGRESSIVE;
				CLANG_CXX_LANGUAGE_STANDARD = "gnu++14";
				CLANG_CXX_LIBRARY = "libc++";
				CLANG_ENABLE_MODULES = YES;
				CLANG_ENABLE_OBJC_ARC = YES;
				CLANG_WARN_BLOCK_CAPTURE_AUTORELEASING = YES;
				CLANG_WARN_BOOL_CONVERSION = YES;
				CLANG_WARN_COMMA = YES;
				CLANG_WARN_CONSTANT_CONVERSION = YES;
				CLANG_WARN_DIRECT_OBJC_ISA_USAGE = YES_ERROR;
				CLANG_WARN_DOCUMENTATION_COMMENTS = YES;
				CLANG_WARN_EMPTY_BODY = YES;
				CLANG_WARN_ENUM_CONVERSION = YES;
				CLANG_WARN_INFINITE_RECURSION = YES;
				CLANG_WARN_INT_CONVERSION = YES;
				CLANG_WARN_NON_LITERAL_NULL_CONVERSION = YES;
				CLANG_WARN_OBJC_LITERAL_CONVERSION = YES;
				CLANG_WARN_OBJC_ROOT_CLASS = YES_ERROR;
				CLANG_WARN_RANGE_LOOP_ANALYSIS = YES;
				CLANG_WARN_STRICT_PROTOTYPES = YES;
				CLANG_WARN_SUSPICIOUS_MOVE = YES;
				CLANG_WARN_UNGUARDED_AVAILABILITY = YES_AGGRESSIVE;
				CLANG_WARN_UNREACHABLE_CODE = YES;
				CLANG_WARN__DUPLICATE_METHOD_MATCH = YES;
				CODE_SIGN_IDENTITY = "iPhone Developer";
				COPY_PHASE_STRIP = NO;
				DEBUG_INFORMATION_FORMAT = dwarf;
				ENABLE_STRICT_OBJC_MSGSEND = YES;
				ENABLE_TESTABILITY = YES;
				GCC_C_LANGUAGE_STANDARD = gnu11;
				GCC_DYNAMIC_NO_PIC = NO;
				GCC_NO_COMMON_BLOCKS = YES;
				GCC_OPTIMIZATION_LEVEL = 0;
				GCC_PREPROCESSOR_DEFINITIONS = (
					"DEBUG=1",
					"$(inherited)",
				);
				GCC_WARN_64_TO_32_BIT_CONVERSION = YES;
				GCC_WARN_ABOUT_RETURN_TYPE = YES_ERROR;
				GCC_WARN_UNDECLARED_SELECTOR = YES;
				GCC_WARN_UNINITIALIZED_AUTOS = YES_AGGRESSIVE;
				GCC_WARN_UNUSED_FUNCTION = YES;
				GCC_WARN_UNUSED_VARIABLE = YES;
				IPHONEOS_DEPLOYMENT_TARGET = 11.1;
				MTL_ENABLE_DEBUG_INFO = YES;
				ONLY_ACTIVE_ARCH = YES;
				SDKROOT = iphoneos;
				SWIFT_ACTIVE_COMPILATION_CONDITIONS = DEBUG;
				SWIFT_OPTIMIZATION_LEVEL = "-Onone";
			};
			name = Debug;
		};
		EC05B2E61FEA3DE100B074AB /* Release */ = {
			isa = XCBuildConfiguration;
			buildSettings = {
				ALWAYS_SEARCH_USER_PATHS = NO;
				CLANG_ANALYZER_NONNULL = YES;
				CLANG_ANALYZER_NUMBER_OBJECT_CONVERSION = YES_AGGRESSIVE;
				CLANG_CXX_LANGUAGE_STANDARD = "gnu++14";
				CLANG_CXX_LIBRARY = "libc++";
				CLANG_ENABLE_MODULES = YES;
				CLANG_ENABLE_OBJC_ARC = YES;
				CLANG_WARN_BLOCK_CAPTURE_AUTORELEASING = YES;
				CLANG_WARN_BOOL_CONVERSION = YES;
				CLANG_WARN_COMMA = YES;
				CLANG_WARN_CONSTANT_CONVERSION = YES;
				CLANG_WARN_DIRECT_OBJC_ISA_USAGE = YES_ERROR;
				CLANG_WARN_DOCUMENTATION_COMMENTS = YES;
				CLANG_WARN_EMPTY_BODY = YES;
				CLANG_WARN_ENUM_CONVERSION = YES;
				CLANG_WARN_INFINITE_RECURSION = YES;
				CLANG_WARN_INT_CONVERSION = YES;
				CLANG_WARN_NON_LITERAL_NULL_CONVERSION = YES;
				CLANG_WARN_OBJC_LITERAL_CONVERSION = YES;
				CLANG_WARN_OBJC_ROOT_CLASS = YES_ERROR;
				CLANG_WARN_RANGE_LOOP_ANALYSIS = YES;
				CLANG_WARN_STRICT_PROTOTYPES = YES;
				CLANG_WARN_SUSPICIOUS_MOVE = YES;
				CLANG_WARN_UNGUARDED_AVAILABILITY = YES_AGGRESSIVE;
				CLANG_WARN_UNREACHABLE_CODE = YES;
				CLANG_WARN__DUPLICATE_METHOD_MATCH = YES;
				CODE_SIGN_IDENTITY = "iPhone Developer";
				COPY_PHASE_STRIP = NO;
				DEBUG_INFORMATION_FORMAT = "dwarf-with-dsym";
				ENABLE_NS_ASSERTIONS = NO;
				ENABLE_STRICT_OBJC_MSGSEND = YES;
				GCC_C_LANGUAGE_STANDARD = gnu11;
				GCC_NO_COMMON_BLOCKS = YES;
				GCC_WARN_64_TO_32_BIT_CONVERSION = YES;
				GCC_WARN_ABOUT_RETURN_TYPE = YES_ERROR;
				GCC_WARN_UNDECLARED_SELECTOR = YES;
				GCC_WARN_UNINITIALIZED_AUTOS = YES_AGGRESSIVE;
				GCC_WARN_UNUSED_FUNCTION = YES;
				GCC_WARN_UNUSED_VARIABLE = YES;
				IPHONEOS_DEPLOYMENT_TARGET = 11.1;
				MTL_ENABLE_DEBUG_INFO = NO;
				SDKROOT = iphoneos;
				SWIFT_OPTIMIZATION_LEVEL = "-Owholemodule";
				VALIDATE_PRODUCT = YES;
			};
			name = Release;
		};
		EC05B2E81FEA3DE100B074AB /* Debug */ = {
			isa = XCBuildConfiguration;
			buildSettings = {
				ASSETCATALOG_COMPILER_APPICON_NAME = AppIcon;
				CODE_SIGN_STYLE = Automatic;
				DEVELOPMENT_TEAM = 424M5254LK;
				INFOPLIST_FILE = SwiftCameraApp/Info.plist;
				IPHONEOS_DEPLOYMENT_TARGET = 9.0;
				LD_RUNPATH_SEARCH_PATHS = "$(inherited) @executable_path/Frameworks";
				PRODUCT_BUNDLE_IDENTIFIER = com.snapchat.SwiftCameraApp;
				PRODUCT_NAME = "$(TARGET_NAME)";
				SWIFT_VERSION = 4.0;
				TARGETED_DEVICE_FAMILY = 1;
			};
			name = Debug;
		};
		EC05B2E91FEA3DE100B074AB /* Release */ = {
			isa = XCBuildConfiguration;
			buildSettings = {
				ASSETCATALOG_COMPILER_APPICON_NAME = AppIcon;
				CODE_SIGN_STYLE = Automatic;
				DEVELOPMENT_TEAM = 424M5254LK;
				INFOPLIST_FILE = SwiftCameraApp/Info.plist;
				IPHONEOS_DEPLOYMENT_TARGET = 9.0;
				LD_RUNPATH_SEARCH_PATHS = "$(inherited) @executable_path/Frameworks";
				PRODUCT_BUNDLE_IDENTIFIER = com.snapchat.SwiftCameraApp;
				PRODUCT_NAME = "$(TARGET_NAME)";
				SWIFT_VERSION = 4.0;
				TARGETED_DEVICE_FAMILY = 1;
			};
			name = Release;
		};
		EC05B2EB1FEA3DE100B074AB /* Debug */ = {
			isa = XCBuildConfiguration;
			buildSettings = {
				ALWAYS_EMBED_SWIFT_STANDARD_LIBRARIES = YES;
				BUNDLE_LOADER = "$(TEST_HOST)";
				CODE_SIGN_STYLE = Automatic;
				DEVELOPMENT_TEAM = 424M5254LK;
				INFOPLIST_FILE = SwiftCameraAppTests/Info.plist;
				LD_RUNPATH_SEARCH_PATHS = "$(inherited) @executable_path/Frameworks @loader_path/Frameworks";
				PRODUCT_BUNDLE_IDENTIFIER = com.snapchat.SwiftCameraAppTests;
				PRODUCT_NAME = "$(TARGET_NAME)";
				SWIFT_VERSION = 4.0;
				TARGETED_DEVICE_FAMILY = "1,2";
				TEST_HOST = "$(BUILT_PRODUCTS_DIR)/SwiftCameraApp.app/SwiftCameraApp";
			};
			name = Debug;
		};
		EC05B2EC1FEA3DE100B074AB /* Release */ = {
			isa = XCBuildConfiguration;
			buildSettings = {
				ALWAYS_EMBED_SWIFT_STANDARD_LIBRARIES = YES;
				BUNDLE_LOADER = "$(TEST_HOST)";
				CODE_SIGN_STYLE = Automatic;
				DEVELOPMENT_TEAM = 424M5254LK;
				INFOPLIST_FILE = SwiftCameraAppTests/Info.plist;
				LD_RUNPATH_SEARCH_PATHS = "$(inherited) @executable_path/Frameworks @loader_path/Frameworks";
				PRODUCT_BUNDLE_IDENTIFIER = com.snapchat.SwiftCameraAppTests;
				PRODUCT_NAME = "$(TARGET_NAME)";
				SWIFT_VERSION = 4.0;
				TARGETED_DEVICE_FAMILY = "1,2";
				TEST_HOST = "$(BUILT_PRODUCTS_DIR)/SwiftCameraApp.app/SwiftCameraApp";
			};
			name = Release;
		};
		EC05B2EE1FEA3DE100B074AB /* Debug */ = {
			isa = XCBuildConfiguration;
			buildSettings = {
				ALWAYS_EMBED_SWIFT_STANDARD_LIBRARIES = YES;
				CODE_SIGN_STYLE = Automatic;
				DEVELOPMENT_TEAM = 424M5254LK;
				INFOPLIST_FILE = SwiftCameraAppUITests/Info.plist;
				LD_RUNPATH_SEARCH_PATHS = "$(inherited) @executable_path/Frameworks @loader_path/Frameworks";
				PRODUCT_BUNDLE_IDENTIFIER = com.snapchat.SwiftCameraAppUITests;
				PRODUCT_NAME = "$(TARGET_NAME)";
				SWIFT_VERSION = 4.0;
				TARGETED_DEVICE_FAMILY = "1,2";
				TEST_TARGET_NAME = SwiftCameraApp;
			};
			name = Debug;
		};
		EC05B2EF1FEA3DE100B074AB /* Release */ = {
			isa = XCBuildConfiguration;
			buildSettings = {
				ALWAYS_EMBED_SWIFT_STANDARD_LIBRARIES = YES;
				CODE_SIGN_STYLE = Automatic;
				DEVELOPMENT_TEAM = 424M5254LK;
				INFOPLIST_FILE = SwiftCameraAppUITests/Info.plist;
				LD_RUNPATH_SEARCH_PATHS = "$(inherited) @executable_path/Frameworks @loader_path/Frameworks";
				PRODUCT_BUNDLE_IDENTIFIER = com.snapchat.SwiftCameraAppUITests;
				PRODUCT_NAME = "$(TARGET_NAME)";
				SWIFT_VERSION = 4.0;
				TARGETED_DEVICE_FAMILY = "1,2";
				TEST_TARGET_NAME = SwiftCameraApp;
			};
			name = Release;
		};
/* End XCBuildConfiguration section */

/* Begin XCConfigurationList section */
		EC05B2BA1FEA3DE000B074AB /* Build configuration list for PBXProject "SwiftCameraApp" */ = {
			isa = XCConfigurationList;
			buildConfigurations = (
				EC05B2E51FEA3DE100B074AB /* Debug */,
				EC05B2E61FEA3DE100B074AB /* Release */,
			);
			defaultConfigurationIsVisible = 0;
			defaultConfigurationName = Release;
		};
		EC05B2E71FEA3DE100B074AB /* Build configuration list for PBXNativeTarget "SwiftCameraApp" */ = {
			isa = XCConfigurationList;
			buildConfigurations = (
				EC05B2E81FEA3DE100B074AB /* Debug */,
				EC05B2E91FEA3DE100B074AB /* Release */,
			);
			defaultConfigurationIsVisible = 0;
			defaultConfigurationName = Release;
		};
		EC05B2EA1FEA3DE100B074AB /* Build configuration list for PBXNativeTarget "SwiftCameraAppTests" */ = {
			isa = XCConfigurationList;
			buildConfigurations = (
				EC05B2EB1FEA3DE100B074AB /* Debug */,
				EC05B2EC1FEA3DE100B074AB /* Release */,
			);
			defaultConfigurationIsVisible = 0;
			defaultConfigurationName = Release;
		};
		EC05B2ED1FEA3DE100B074AB /* Build configuration list for PBXNativeTarget "SwiftCameraAppUITests" */ = {
			isa = XCConfigurationList;
			buildConfigurations = (
				EC05B2EE1FEA3DE100B074AB /* Debug */,
				EC05B2EF1FEA3DE100B074AB /* Release */,
			);
			defaultConfigurationIsVisible = 0;
			defaultConfigurationName = Release;
		};
/* End XCConfigurationList section */
	};
	rootObject = EC05B2B71FEA3DE000B074AB /* Project object */;
}
